
Microsoft Visual Studio Solution File, Format Version 12.00
# Visual Studio 15
VisualStudioVersion = 15.0.28010.2016
MinimumVisualStudioVersion = 10.0.40219.1
Project("{FAE04EC0-301F-11D3-BF4B-00C04F79EFBC}") = "Game", "Game\Game.csproj", "{215C56B5-E5D9-49DA-AC02-3212AA037874}"
EndProject
Project("{FAE04EC0-301F-11D3-BF4B-00C04F79EFBC}") = "Lib", "Lib\Lib.csproj", "{A3D37430-39E9-4982-813F-6EE36671AA0C}"
EndProject
Project("{FAE04EC0-301F-11D3-BF4B-00C04F79EFBC}") = "UnitTests", "UnitTests\UnitTests.csproj", "{BD856551-CB02-4B32-82BF-9BE723BA90BE}"
EndProject
Global
	GlobalSection(SolutionConfigurationPlatforms) = preSolution
		Debug|Any CPU = Debug|Any CPU
		Release|Any CPU = Release|Any CPU
	EndGlobalSection
	GlobalSection(ProjectConfigurationPlatforms) = postSolution
		{215C56B5-E5D9-49DA-AC02-3212AA037874}.Debug|Any CPU.ActiveCfg = Debug|Any CPU
		{215C56B5-E5D9-49DA-AC02-3212AA037874}.Debug|Any CPU.Build.0 = Debug|Any CPU
		{215C56B5-E5D9-49DA-AC02-3212AA037874}.Release|Any CPU.ActiveCfg = Release|Any CPU
		{215C56B5-E5D9-49DA-AC02-3212AA037874}.Release|Any CPU.Build.0 = Release|Any CPU
		{A3D37430-39E9-4982-813F-6EE36671AA0C}.Debug|Any CPU.ActiveCfg = Debug|Any CPU
		{A3D37430-39E9-4982-813F-6EE36671AA0C}.Debug|Any CPU.Build.0 = Debug|Any CPU
		{A3D37430-39E9-4982-813F-6EE36671AA0C}.Release|Any CPU.ActiveCfg = Release|Any CPU
		{A3D37430-39E9-4982-813F-6EE36671AA0C}.Release|Any CPU.Build.0 = Release|Any CPU
		{BD856551-CB02-4B32-82BF-9BE723BA90BE}.Debug|Any CPU.ActiveCfg = Debug|Any CPU
		{BD856551-CB02-4B32-82BF-9BE723BA90BE}.Debug|Any CPU.Build.0 = Debug|Any CPU
		{BD856551-CB02-4B32-82BF-9BE723BA90BE}.Release|Any CPU.ActiveCfg = Release|Any CPU
		{BD856551-CB02-4B32-82BF-9BE723BA90BE}.Release|Any CPU.Build.0 = Release|Any CPU
	EndGlobalSection
	GlobalSection(SolutionProperties) = preSolution
		HideSolutionNode = FALSE
	EndGlobalSection
	GlobalSection(ExtensibilityGlobals) = postSolution
		SolutionGuid = {F0B673CC-2744-4459-BB0F-2A493E6FAB16}
	EndGlobalSection
EndGlobal
